
Microsoft Visual Studio Solution File, Format Version 12.00
# Visual Studio Version 17
VisualStudioVersion = 17.8.34227.203
MinimumVisualStudioVersion = 10.0.40219.1
Project("{FAE04EC0-301F-11D3-BF4B-00C04F79EFBC}") = "LukeFZ.Shared", "LukeFZ.Shared\LukeFZ.Shared.csproj", "{DE0A8463-5B5B-4DD0-8FE1-F096D24B4742}"
EndProject
Global
	GlobalSection(SolutionConfigurationPlatforms) = preSolution
		Debug|Any CPU = Debug|Any CPU
		Release|Any CPU = Release|Any CPU
	EndGlobalSection
	GlobalSection(ProjectConfigurationPlatforms) = postSolution
		{DE0A8463-5B5B-4DD0-8FE1-F096D24B4742}.Debug|Any CPU.ActiveCfg = Debug|Any CPU
		{DE0A8463-5B5B-4DD0-8FE1-F096D24B4742}.Debug|Any CPU.Build.0 = Debug|Any CPU
		{DE0A8463-5B5B-4DD0-8FE1-F096D24B4742}.Release|Any CPU.ActiveCfg = Release|Any CPU
		{DE0A8463-5B5B-4DD0-8FE1-F096D24B4742}.Release|Any CPU.Build.0 = Release|Any CPU
	EndGlobalSection
	GlobalSection(SolutionProperties) = preSolution
		HideSolutionNode = FALSE
	EndGlobalSection
	GlobalSection(ExtensibilityGlobals) = postSolution
		SolutionGuid = {BED3E3F5-4852-44F4-94F9-FA6D62A22A7A}
	EndGlobalSection
EndGlobal
